
Microsoft Visual Studio Solution File, Format Version 12.00
# Visual Studio 14
VisualStudioVersion = 14.0.25123.0
MinimumVisualStudioVersion = 10.0.40219.1
Project("{F2A71F9B-5D33-465A-A702-920D77279786}") = "TutorialFSharp", "TutorialFSharp.fsproj", "{8DA171FA-3875-46AA-9A07-5B4CC0814BC3}"
EndProject
Project("{FAE04EC0-301F-11D3-BF4B-00C04F79EFBC}") = "TestCodeCSharp", "TestCodeCSharp\TestCodeCSharp.csproj", "{268ABF7E-E26F-4259-90AE-0A6090BC0EB6}"
EndProject
Global
	GlobalSection(SolutionConfigurationPlatforms) = preSolution
		Debug|Any CPU = Debug|Any CPU
		Release|Any CPU = Release|Any CPU
	EndGlobalSection
	GlobalSection(ProjectConfigurationPlatforms) = postSolution
		{8DA171FA-3875-46AA-9A07-5B4CC0814BC3}.Debug|Any CPU.ActiveCfg = Debug|Any CPU
		{8DA171FA-3875-46AA-9A07-5B4CC0814BC3}.Debug|Any CPU.Build.0 = Debug|Any CPU
		{8DA171FA-3875-46AA-9A07-5B4CC0814BC3}.Release|Any CPU.ActiveCfg = Release|Any CPU
		{8DA171FA-3875-46AA-9A07-5B4CC0814BC3}.Release|Any CPU.Build.0 = Release|Any CPU
		{268ABF7E-E26F-4259-90AE-0A6090BC0EB6}.Debug|Any CPU.ActiveCfg = Debug|Any CPU
		{268ABF7E-E26F-4259-90AE-0A6090BC0EB6}.Debug|Any CPU.Build.0 = Debug|Any CPU
		{268ABF7E-E26F-4259-90AE-0A6090BC0EB6}.Release|Any CPU.ActiveCfg = Release|Any CPU
		{268ABF7E-E26F-4259-90AE-0A6090BC0EB6}.Release|Any CPU.Build.0 = Release|Any CPU
	EndGlobalSection
	GlobalSection(SolutionProperties) = preSolution
		HideSolutionNode = FALSE
	EndGlobalSection
EndGlobal
